
Microsoft Visual Studio Solution File, Format Version 12.00
# Visual Studio Version 17
VisualStudioVersion = 17.8.34330.188
MinimumVisualStudioVersion = 10.0.40219.1
Project("{FAE04EC0-301F-11D3-BF4B-00C04F79EFBC}") = "026 If Statements-1", "026 If Statements-1.csproj", "{4CE07FA5-2F6A-4FC5-876A-31577F52DB05}"
EndProject
Global
	GlobalSection(SolutionConfigurationPlatforms) = preSolution
		Debug|Any CPU = Debug|Any CPU
		Release|Any CPU = Release|Any CPU
	EndGlobalSection
	GlobalSection(ProjectConfigurationPlatforms) = postSolution
		{4CE07FA5-2F6A-4FC5-876A-31577F52DB05}.Debug|Any CPU.ActiveCfg = Debug|Any CPU
		{4CE07FA5-2F6A-4FC5-876A-31577F52DB05}.Debug|Any CPU.Build.0 = Debug|Any CPU
		{4CE07FA5-2F6A-4FC5-876A-31577F52DB05}.Release|Any CPU.ActiveCfg = Release|Any CPU
		{4CE07FA5-2F6A-4FC5-876A-31577F52DB05}.Release|Any CPU.Build.0 = Release|Any CPU
	EndGlobalSection
	GlobalSection(SolutionProperties) = preSolution
		HideSolutionNode = FALSE
	EndGlobalSection
	GlobalSection(ExtensibilityGlobals) = postSolution
		SolutionGuid = {09DAC483-22FE-4525-A05C-C63CC61CE101}
	EndGlobalSection
EndGlobal
