
Microsoft Visual Studio Solution File, Format Version 12.00
# Visual Studio Version 17
VisualStudioVersion = 17.8.34330.188
MinimumVisualStudioVersion = 10.0.40219.1
Project("{FAE04EC0-301F-11D3-BF4B-00C04F79EFBC}") = "13 Extension Methods", "13 Extension Methods.csproj", "{36FCDAA9-D381-43FD-BD99-6CA4CC43DD7A}"
EndProject
Global
	GlobalSection(SolutionConfigurationPlatforms) = preSolution
		Debug|Any CPU = Debug|Any CPU
		Release|Any CPU = Release|Any CPU
	EndGlobalSection
	GlobalSection(ProjectConfigurationPlatforms) = postSolution
		{36FCDAA9-D381-43FD-BD99-6CA4CC43DD7A}.Debug|Any CPU.ActiveCfg = Debug|Any CPU
		{36FCDAA9-D381-43FD-BD99-6CA4CC43DD7A}.Debug|Any CPU.Build.0 = Debug|Any CPU
		{36FCDAA9-D381-43FD-BD99-6CA4CC43DD7A}.Release|Any CPU.ActiveCfg = Release|Any CPU
		{36FCDAA9-D381-43FD-BD99-6CA4CC43DD7A}.Release|Any CPU.Build.0 = Release|Any CPU
	EndGlobalSection
	GlobalSection(SolutionProperties) = preSolution
		HideSolutionNode = FALSE
	EndGlobalSection
	GlobalSection(ExtensibilityGlobals) = postSolution
		SolutionGuid = {3974D971-23C0-4A09-B1CD-38EEB5A72FAF}
	EndGlobalSection
EndGlobal
